Microsoft Visual Studio Solution File, Format Version 12.00
# Visual Studio Version 17
VisualStudioVersion = 17.5.2.0
MinimumVisualStudioVersion = 10.0.40219.1
Project("{FAE04EC0-301F-11D3-BF4B-00C04F79EFBC}") = "PeachOCR", "PeachOCR.csproj", "{F41C4672-C0AC-8C1A-012A-1ED89FC38080}"
EndProject
Global
	GlobalSection(SolutionConfigurationPlatforms) = preSolution
		Debug|Any CPU = Debug|Any CPU
		Release|Any CPU = Release|Any CPU
	EndGlobalSection
	GlobalSection(ProjectConfigurationPlatforms) = postSolution
		{F41C4672-C0AC-8C1A-012A-1ED89FC38080}.Debug|Any CPU.ActiveCfg = Debug|Any CPU
		{F41C4672-C0AC-8C1A-012A-1ED89FC38080}.Debug|Any CPU.Build.0 = Debug|Any CPU
		{F41C4672-C0AC-8C1A-012A-1ED89FC38080}.Release|Any CPU.ActiveCfg = Release|Any CPU
		{F41C4672-C0AC-8C1A-012A-1ED89FC38080}.Release|Any CPU.Build.0 = Release|Any CPU
	EndGlobalSection
	GlobalSection(SolutionProperties) = preSolution
		HideSolutionNode = FALSE
	EndGlobalSection
	GlobalSection(ExtensibilityGlobals) = postSolution
		SolutionGuid = {FA788652-D865-4447-B807-351CDFAF5D0C}
	EndGlobalSection
EndGlobal
